<?xml version="1.0" encoding="utf-8"?>
<Project ToolsVersion="4.0" xmlns="http://schemas.microsoft.com/developer/msbuild/2003">
  <ItemGroup>
    <Filter Include="Source Files">
      <UniqueIdentifier>{6dae98cf-1036-42c5-9d52-d3e79266bc27}</UniqueIdentifier>
      <Extensions>cpp;c;cxx;rc;def;r;odl;idl;hpj;bat</Extensions>
    </Filter>
    <Filter Include="Header Files">
      <UniqueIdentifier>{977d5d75-9582-44d4-af18-c8df8843bf58}</UniqueIdentifier>
      <Extensions>h;hpp;hxx;hm;inl</Extensions>
    </Filter>
  </ItemGroup>
  <ItemGroup>
    <ClCompile Include="VtErrors.cpp">
      <Filter>Source Files</Filter>
    </ClCompile>
    <ClCompile Include="VtImage.cpp">
      <Filter>Source Files</Filter>
    </ClCompile>
    <ClCompile Include="VtSys.cpp">
      <Filter>Source Files</Filter>
    </ClCompile>
  </ItemGroup>
  <ItemGroup>
    <ClInclude Include="C:\Program Files\Microsoft Visual Studio\VC98\Include\BASETSD.H">
      <Filter>Header Files</Filter>
    </ClInclude>
    <ClInclude Include="..\ez_lib\ezusb_lib.h">
      <Filter>Header Files</Filter>
    </ClInclude>
    <ClInclude Include="..\include\status_strings.h">
      <Filter>Header Files</Filter>
    </ClInclude>
    <ClInclude Include="..\include\utils.h">
      <Filter>Header Files</Filter>
    </ClInclude>
    <ClInclude Include="VtABDiff.h">
      <Filter>Header Files</Filter>
    </ClInclude>
    <ClInclude Include="VtAPI.h">
      <Filter>Header Files</Filter>
    </ClInclude>
    <ClInclude Include="VtDataset.h">
      <Filter>Header Files</Filter>
    </ClInclude>
    <ClInclude Include="VtErrors.h">
      <Filter>Header Files</Filter>
    </ClInclude>
    <ClInclude Include="VthdsAPI.h">
      <Filter>Header Files</Filter>
    </ClInclude>
    <ClInclude Include="VthdsCalib.h">
      <Filter>Header Files</Filter>
    </ClInclude>
    <ClInclude Include="VthdsImpAPI.h">
      <Filter>Header Files</Filter>
    </ClInclude>
    <ClInclude Include="VthdsLineParser.h">
      <Filter>Header Files</Filter>
    </ClInclude>
    <ClInclude Include="VtImage.h">
      <Filter>Header Files</Filter>
    </ClInclude>
    <ClInclude Include="VtPanoramicCalibration.h">
      <Filter>Header Files</Filter>
    </ClInclude>
    <ClInclude Include="VtParser.h">
      <Filter>Header Files</Filter>
    </ClInclude>
    <ClInclude Include="VtpcAPI.h">
      <Filter>Header Files</Filter>
    </ClInclude>
    <ClInclude Include="VtpcImpAPI.h">
      <Filter>Header Files</Filter>
    </ClInclude>
    <ClInclude Include="VtpcLineParser.h">
      <Filter>Header Files</Filter>
    </ClInclude>
    <ClInclude Include="VtPipeData.h">
      <Filter>Header Files</Filter>
    </ClInclude>
    <ClInclude Include="VtSys.h">
      <Filter>Header Files</Filter>
    </ClInclude>
    <ClInclude Include="VtSysdefs.h">
      <Filter>Header Files</Filter>
    </ClInclude>
    <ClInclude Include="..\ez_lib\VtUsbDriver.h">
      <Filter>Header Files</Filter>
    </ClInclude>
    <ClInclude Include="..\include\wd_ver.h">
      <Filter>Header Files</Filter>
    </ClInclude>
    <ClInclude Include="..\include\wdu_lib.h">
      <Filter>Header Files</Filter>
    </ClInclude>
    <ClInclude Include="..\include\windrvr.h">
      <Filter>Header Files</Filter>
    </ClInclude>
  </ItemGroup>
</Project>